{
  "name": "@mirlo/mirlo-api-client",
  "version": "1.0.0",
  "lockfileVersion": 3,
  "requires": true,
  "packages": {
    "": {
      "name": "@mirlo/mirlo-api-client",
      "version": "1.0.0",
      "license": "AGPL-3.0",
      "dependencies": {
        "b64-to-blob": "^1.2.19",
        "file-saver": "^2.0.5",
        "typescript": "^5.8.3"
      }
    },
    "node_modules/b64-to-blob": {
      "version": "1.2.19",
      "resolved": "https://registry.npmjs.org/b64-to-blob/-/b64-to-blob-1.2.19.tgz",
      "integrity": "sha512-L3nSu8GgF4iEyNYakCQSfL2F5GI5aCXcot9mNTf+4N0/BMhpxqqHyOb6jIR24iq2xLjQZLG8FOt3gnUcV+9NVg=="
    },
    "node_modules/file-saver": {
      "version": "2.0.5",
      "resolved": "https://registry.npmjs.org/file-saver/-/file-saver-2.0.5.tgz",
      "integrity": "sha512-P9bmyZ3h/PRG+Nzga+rbdI4OEpNDzAVyy74uVO9ATgzLK6VtAsYybF/+TOCvrc0MO793d6+42lLyZTw7/ArVzA=="
    },
    "node_modules/typescript": {
      "version": "5.8.3",
      "resolved": "https://registry.npmjs.org/typescript/-/typescript-5.8.3.tgz",
      "integrity": "sha512-p1diW6TqL9L07nNxvRMM7hMMw4c5XOo/1ibL4aAIGmSAt9slTE1Xgw5KWuof2uTOvCg9BY7ZRi+GaF+7sfgPeQ==",
      "bin": {
        "tsc": "bin/tsc",
        "tsserver": "bin/tsserver"
      },
      "engines": {
        "node": ">=14.17"
      }
    }
  }
}
