# THIS IS AN AUTOGENERATED FILE. DO NOT EDIT THIS FILE DIRECTLY.
# yarn lockfile v1


"@types/file-saver@^2.0.7":
  version "2.0.7"
  resolved "https://registry.yarnpkg.com/@types/file-saver/-/file-saver-2.0.7.tgz#8dbb2f24bdc7486c54aa854eb414940bbd056f7d"
  integrity sha512-dNKVfHd/jk0SkR/exKGj2ggkB45MAkzvWCaqLUUgkyjITkGNzH8H+yUwr+BLJUBjZOe9w8X3wgmXhZDRg1ED6A==

b64-to-blob@^1.2.19:
  version "1.2.19"
  resolved "https://registry.yarnpkg.com/b64-to-blob/-/b64-to-blob-1.2.19.tgz#157d85fdc8811665b9a35d29ffbc6a522ba28fbe"
  integrity sha512-L3nSu8GgF4iEyNYakCQSfL2F5GI5aCXcot9mNTf+4N0/BMhpxqqHyOb6jIR24iq2xLjQZLG8FOt3gnUcV+9NVg==

file-saver@^2.0.5:
  version "2.0.5"
  resolved "https://registry.yarnpkg.com/file-saver/-/file-saver-2.0.5.tgz#d61cfe2ce059f414d899e9dd6d4107ee25670c38"
  integrity sha512-P9bmyZ3h/PRG+Nzga+rbdI4OEpNDzAVyy74uVO9ATgzLK6VtAsYybF/+TOCvrc0MO793d6+42lLyZTw7/ArVzA==

typescript@^5.8.3:
  version "5.8.3"
  resolved "https://registry.yarnpkg.com/typescript/-/typescript-5.8.3.tgz#92f8a3e5e3cf497356f4178c34cd65a7f5e8440e"
  integrity sha512-p1diW6TqL9L07nNxvRMM7hMMw4c5XOo/1ibL4aAIGmSAt9slTE1Xgw5KWuof2uTOvCg9BY7ZRi+GaF+7sfgPeQ==
